
Microsoft Visual Studio Solution File, Format Version 12.00
# Visual Studio Version 16
VisualStudioVersion = 16.0.29911.84
MinimumVisualStudioVersion = 10.0.40219.1
Project("{FAE04EC0-301F-11D3-BF4B-00C04F79EFBC}") = "Adventure Game", "Adventure Game.csproj", "{A1F5DC46-3437-4326-9840-71DCB538BA05}"
EndProject
Global
	GlobalSection(SolutionConfigurationPlatforms) = preSolution
		Debug|Any CPU = Debug|Any CPU
		Release|Any CPU = Release|Any CPU
	EndGlobalSection
	GlobalSection(ProjectConfigurationPlatforms) = postSolution
		{A1F5DC46-3437-4326-9840-71DCB538BA05}.Debug|Any CPU.ActiveCfg = Debug|Any CPU
		{A1F5DC46-3437-4326-9840-71DCB538BA05}.Debug|Any CPU.Build.0 = Debug|Any CPU
		{A1F5DC46-3437-4326-9840-71DCB538BA05}.Release|Any CPU.ActiveCfg = Release|Any CPU
		{A1F5DC46-3437-4326-9840-71DCB538BA05}.Release|Any CPU.Build.0 = Release|Any CPU
	EndGlobalSection
	GlobalSection(SolutionProperties) = preSolution
		HideSolutionNode = FALSE
	EndGlobalSection
	GlobalSection(ExtensibilityGlobals) = postSolution
		SolutionGuid = {648D6A90-545C-46E6-BCD1-0053CE6BA4C9}
	EndGlobalSection
EndGlobal
